version = 1
requires-python = ">=3.11"

[[package]]
name = "danbot-comfy-node"
version = "0.1.0"
source = { virtual = "." }
dependencies = [
    { name = "protobuf" },
    { name = "sentencepiece" },
]

[package.metadata]
requires-dist = [
    { name = "protobuf", specifier = ">=5.29.3" },
    { name = "sentencepiece", specifier = ">=0.2.0" },
]

[[package]]
name = "protobuf"
version = "5.29.3"
source = { registry = "https://pypi.org/simple" }
sdist = { url = "https://files.pythonhosted.org/packages/f7/d1/e0a911544ca9993e0f17ce6d3cc0932752356c1b0a834397f28e63479344/protobuf-5.29.3.tar.gz", hash = "sha256:5da0f41edaf117bde316404bad1a486cb4ededf8e4a54891296f648e8e076620", size = 424945 }
wheels = [
    { url = "https://files.pythonhosted.org/packages/dc/7a/1e38f3cafa022f477ca0f57a1f49962f21ad25850c3ca0acd3b9d0091518/protobuf-5.29.3-cp310-abi3-win32.whl", hash = "sha256:3ea51771449e1035f26069c4c7fd51fba990d07bc55ba80701c78f886bf9c888", size = 422708 },
    { url = "https://files.pythonhosted.org/packages/61/fa/aae8e10512b83de633f2646506a6d835b151edf4b30d18d73afd01447253/protobuf-5.29.3-cp310-abi3-win_amd64.whl", hash = "sha256:a4fa6f80816a9a0678429e84973f2f98cbc218cca434abe8db2ad0bffc98503a", size = 434508 },
    { url = "https://files.pythonhosted.org/packages/dd/04/3eaedc2ba17a088961d0e3bd396eac764450f431621b58a04ce898acd126/protobuf-5.29.3-cp38-abi3-macosx_10_9_universal2.whl", hash = "sha256:a8434404bbf139aa9e1300dbf989667a83d42ddda9153d8ab76e0d5dcaca484e", size = 417825 },
    { url = "https://files.pythonhosted.org/packages/4f/06/7c467744d23c3979ce250397e26d8ad8eeb2bea7b18ca12ad58313c1b8d5/protobuf-5.29.3-cp38-abi3-manylinux2014_aarch64.whl", hash = "sha256:daaf63f70f25e8689c072cfad4334ca0ac1d1e05a92fc15c54eb9cf23c3efd84", size = 319573 },
    { url = "https://files.pythonhosted.org/packages/a8/45/2ebbde52ad2be18d3675b6bee50e68cd73c9e0654de77d595540b5129df8/protobuf-5.29.3-cp38-abi3-manylinux2014_x86_64.whl", hash = "sha256:c027e08a08be10b67c06bf2370b99c811c466398c357e615ca88c91c07f0910f", size = 319672 },
    { url = "https://files.pythonhosted.org/packages/fd/b2/ab07b09e0f6d143dfb839693aa05765257bceaa13d03bf1a696b78323e7a/protobuf-5.29.3-py3-none-any.whl", hash = "sha256:0a18ed4a24198528f2333802eb075e59dea9d679ab7a6c5efb017a59004d849f", size = 172550 },
]

[[package]]
name = "sentencepiece"
version = "0.2.0"
source = { registry = "https://pypi.org/simple" }
sdist = { url = "https://files.pythonhosted.org/packages/c9/d2/b9c7ca067c26d8ff085d252c89b5f69609ca93fb85a00ede95f4857865d4/sentencepiece-0.2.0.tar.gz", hash = "sha256:a52c19171daaf2e697dc6cbe67684e0fa341b1248966f6aebb541de654d15843", size = 2632106 }
wheels = [
    { url = "https://files.pythonhosted.org/packages/32/43/8f8885168a47a02eba1455bd3f4f169f50ad5b8cebd2402d0f5e20854d04/sentencepiece-0.2.0-cp311-cp311-macosx_10_9_universal2.whl", hash = "sha256:17982700c4f6dbb55fa3594f3d7e5dd1c8659a274af3738e33c987d2a27c9d5c", size = 2409036 },
    { url = "https://files.pythonhosted.org/packages/0f/35/e63ba28062af0a3d688a9f128e407a1a2608544b2f480cb49bf7f4b1cbb9/sentencepiece-0.2.0-cp311-cp311-macosx_10_9_x86_64.whl", hash = "sha256:7c867012c0e8bcd5bdad0f791609101cb5c66acb303ab3270218d6debc68a65e", size = 1238921 },
    { url = "https://files.pythonhosted.org/packages/de/42/ae30952c4a0bd773e90c9bf2579f5533037c886dfc8ec68133d5694f4dd2/sentencepiece-0.2.0-cp311-cp311-macosx_11_0_arm64.whl", hash = "sha256:7fd6071249c74f779c5b27183295b9202f8dedb68034e716784364443879eaa6", size = 1181477 },
    { url = "https://files.pythonhosted.org/packages/e3/ac/2f2ab1d60bb2d795d054eebe5e3f24b164bc21b5a9b75fba7968b3b91b5a/sentencepiece-0.2.0-cp311-cp311-manylinux_2_17_aarch64.manylinux2014_aarch64.whl", hash = "sha256:27f90c55a65013cbb8f4d7aab0599bf925cde4adc67ae43a0d323677b5a1c6cb", size = 1259182 },
    { url = "https://files.pythonhosted.org/packages/45/fb/14633c6ecf262c468759ffcdb55c3a7ee38fe4eda6a70d75ee7c7d63c58b/sentencepiece-0.2.0-cp311-cp311-manylinux_2_17_i686.manylinux2014_i686.whl", hash = "sha256:b293734059ef656dcd65be62ff771507bea8fed0a711b6733976e1ed3add4553", size = 1355537 },
    { url = "https://files.pythonhosted.org/packages/fb/12/2f5c8d4764b00033cf1c935b702d3bb878d10be9f0b87f0253495832d85f/sentencepiece-0.2.0-cp311-cp311-manylinux_2_17_x86_64.manylinux2014_x86_64.whl", hash = "sha256:e58b47f933aca74c6a60a79dcb21d5b9e47416256c795c2d58d55cec27f9551d", size = 1301464 },
    { url = "https://files.pythonhosted.org/packages/4e/b1/67afc0bde24f6dcb3acdea0dd8dcdf4b8b0db240f6bacd39378bd32d09f8/sentencepiece-0.2.0-cp311-cp311-win32.whl", hash = "sha256:c581258cf346b327c62c4f1cebd32691826306f6a41d8c4bec43b010dee08e75", size = 936749 },
    { url = "https://files.pythonhosted.org/packages/a2/f6/587c62fd21fc988555b85351f50bbde43a51524caafd63bc69240ded14fd/sentencepiece-0.2.0-cp311-cp311-win_amd64.whl", hash = "sha256:0993dbc665f4113017892f1b87c3904a44d0640eda510abcacdfb07f74286d36", size = 991520 },
    { url = "https://files.pythonhosted.org/packages/27/5a/141b227ed54293360a9ffbb7bf8252b4e5efc0400cdeac5809340e5d2b21/sentencepiece-0.2.0-cp312-cp312-macosx_10_9_universal2.whl", hash = "sha256:ea5f536e32ea8ec96086ee00d7a4a131ce583a1b18d130711707c10e69601cb2", size = 2409370 },
    { url = "https://files.pythonhosted.org/packages/2e/08/a4c135ad6fc2ce26798d14ab72790d66e813efc9589fd30a5316a88ca8d5/sentencepiece-0.2.0-cp312-cp312-macosx_10_9_x86_64.whl", hash = "sha256:d0cb51f53b6aae3c36bafe41e86167c71af8370a039f542c43b0cce5ef24a68c", size = 1239288 },
    { url = "https://files.pythonhosted.org/packages/49/0a/2fe387f825ac5aad5a0bfe221904882106cac58e1b693ba7818785a882b6/sentencepiece-0.2.0-cp312-cp312-macosx_11_0_arm64.whl", hash = "sha256:3212121805afc58d8b00ab4e7dd1f8f76c203ddb9dc94aa4079618a31cf5da0f", size = 1181597 },
    { url = "https://files.pythonhosted.org/packages/cc/38/e4698ee2293fe4835dc033c49796a39b3eebd8752098f6bd0aa53a14af1f/sentencepiece-0.2.0-cp312-cp312-manylinux_2_17_aarch64.manylinux2014_aarch64.whl", hash = "sha256:2a3149e3066c2a75e0d68a43eb632d7ae728c7925b517f4c05c40f6f7280ce08", size = 1259220 },
    { url = "https://files.pythonhosted.org/packages/12/24/fd7ef967c9dad2f6e6e5386d0cadaf65cda8b7be6e3861a9ab3121035139/sentencepiece-0.2.0-cp312-cp312-manylinux_2_17_i686.manylinux2014_i686.whl", hash = "sha256:632f3594d3e7ac8b367bca204cb3fd05a01d5b21455acd097ea4c0e30e2f63d7", size = 1355962 },
    { url = "https://files.pythonhosted.org/packages/4f/d2/18246f43ca730bb81918f87b7e886531eda32d835811ad9f4657c54eee35/sentencepiece-0.2.0-cp312-cp312-manylinux_2_17_x86_64.manylinux2014_x86_64.whl", hash = "sha256:f295105c6bdbb05bd5e1b0cafbd78ff95036f5d3641e7949455a3f4e5e7c3109", size = 1301706 },
    { url = "https://files.pythonhosted.org/packages/8a/47/ca237b562f420044ab56ddb4c278672f7e8c866e183730a20e413b38a989/sentencepiece-0.2.0-cp312-cp312-win32.whl", hash = "sha256:fb89f811e5efd18bab141afc3fea3de141c3f69f3fe9e898f710ae7fe3aab251", size = 936941 },
    { url = "https://files.pythonhosted.org/packages/c6/97/d159c32642306ee2b70732077632895438867b3b6df282354bd550cf2a67/sentencepiece-0.2.0-cp312-cp312-win_amd64.whl", hash = "sha256:7a673a72aab81fef5ebe755c6e0cc60087d1f3a4700835d40537183c1703a45f", size = 991994 },
]
